Microsoft Visual Studio Solution File, Format Version 12.00
# Visual Studio Version 17
VisualStudioVersion = 17.5.2.0
MinimumVisualStudioVersion = 10.0.40219.1
Project("{FAE04EC0-301F-11D3-BF4B-00C04F79EFBC}") = "Restaurante.Api", "Restaurante.Api.csproj", "{D8865A40-F572-7877-1F70-E9CF9E9A3079}"
EndProject
Global
	GlobalSection(SolutionConfigurationPlatforms) = preSolution
		Debug|Any CPU = Debug|Any CPU
		Release|Any CPU = Release|Any CPU
	EndGlobalSection
	GlobalSection(ProjectConfigurationPlatforms) = postSolution
		{D8865A40-F572-7877-1F70-E9CF9E9A3079}.Debug|Any CPU.ActiveCfg = Debug|Any CPU
		{D8865A40-F572-7877-1F70-E9CF9E9A3079}.Debug|Any CPU.Build.0 = Debug|Any CPU
		{D8865A40-F572-7877-1F70-E9CF9E9A3079}.Release|Any CPU.ActiveCfg = Release|Any CPU
		{D8865A40-F572-7877-1F70-E9CF9E9A3079}.Release|Any CPU.Build.0 = Release|Any CPU
	EndGlobalSection
	GlobalSection(SolutionProperties) = preSolution
		HideSolutionNode = FALSE
	EndGlobalSection
	GlobalSection(ExtensibilityGlobals) = postSolution
		SolutionGuid = {1089D4D2-7516-4B8D-8000-196EAC45CEAF}
	EndGlobalSection
EndGlobal
